<?xml version="1.0" encoding="Windows-1252"?>
<Project ToolsVersion="12.0" xmlns="http://schemas.microsoft.com/developer/msbuild/2003">
  <ItemGroup>
    <ClCompile Include="D:\svm\source\SystemVue\LibraryProperties.cpp">
      <Filter>Source Files</Filter>
    </ClCompile>
    <ClCompile Include="svm_run.cpp">
      <Filter>Source Files</Filter>
    </ClCompile>
    <ClCompile Include="svm_in.cpp">
      <Filter>Source Files</Filter>
    </ClCompile>
  </ItemGroup>
  <ItemGroup>
    <CustomBuild Include="D:\svm\source\SystemVue\CMakeLists.txt" />
  </ItemGroup>
  <ItemGroup>
    <ResourceCompile Include="D:\svm\build-win64-vs2013\SystemVue\Version.rc">
      <Filter>Source Files</Filter>
    </ResourceCompile>
  </ItemGroup>
  <ItemGroup>
    <Filter Include="Source Files">
      <UniqueIdentifier>{E4D16134-549D-4506-BFE8-1A0846A2B97B}</UniqueIdentifier>
    </Filter>
  </ItemGroup>
  <ItemGroup>
    <ClInclude Include="svm_run.h">
      <Filter>Source Files</Filter>
    </ClInclude>
    <ClInclude Include="svm_in.h">
      <Filter>Source Files</Filter>
    </ClInclude>
  </ItemGroup>
</Project>